Microsoft Visual Studio Solution File, Format Version 12.00
# Visual Studio Version 17
VisualStudioVersion = 17.5.2.0
MinimumVisualStudioVersion = 10.0.40219.1
Project("{FAE04EC0-301F-11D3-BF4B-00C04F79EFBC}") = "AgendaPositiva.Web", "AgendaPositiva.Web.csproj", "{0782757F-9E55-5B42-A3D4-8E2DAFCE3025}"
EndProject
Global
	GlobalSection(SolutionConfigurationPlatforms) = preSolution
		Debug|Any CPU = Debug|Any CPU
		Release|Any CPU = Release|Any CPU
	EndGlobalSection
	GlobalSection(ProjectConfigurationPlatforms) = postSolution
		{0782757F-9E55-5B42-A3D4-8E2DAFCE3025}.Debug|Any CPU.ActiveCfg = Debug|Any CPU
		{0782757F-9E55-5B42-A3D4-8E2DAFCE3025}.Debug|Any CPU.Build.0 = Debug|Any CPU
		{0782757F-9E55-5B42-A3D4-8E2DAFCE3025}.Release|Any CPU.ActiveCfg = Release|Any CPU
		{0782757F-9E55-5B42-A3D4-8E2DAFCE3025}.Release|Any CPU.Build.0 = Release|Any CPU
	EndGlobalSection
	GlobalSection(SolutionProperties) = preSolution
		HideSolutionNode = FALSE
	EndGlobalSection
	GlobalSection(ExtensibilityGlobals) = postSolution
		SolutionGuid = {FDDA15F4-08EC-41C7-8923-B4DD7FAFBA88}
	EndGlobalSection
EndGlobal
